
Microsoft Visual Studio Solution File, Format Version 12.00
# Visual Studio Version 16
VisualStudioVersion = 16.0.31515.178
MinimumVisualStudioVersion = 10.0.40219.1
Project("{FAE04EC0-301F-11D3-BF4B-00C04F79EFBC}") = "MeuPerfil", "MeuPerfil\MeuPerfil.csproj", "{ED9E5CF4-E7B4-49BD-9D10-E498D4DFCC71}"
EndProject
Global
	GlobalSection(SolutionConfigurationPlatforms) = preSolution
		Debug|Any CPU = Debug|Any CPU
		Release|Any CPU = Release|Any CPU
	EndGlobalSection
	GlobalSection(ProjectConfigurationPlatforms) = postSolution
		{ED9E5CF4-E7B4-49BD-9D10-E498D4DFCC71}.Debug|Any CPU.ActiveCfg = Debug|Any CPU
		{ED9E5CF4-E7B4-49BD-9D10-E498D4DFCC71}.Debug|Any CPU.Build.0 = Debug|Any CPU
		{ED9E5CF4-E7B4-49BD-9D10-E498D4DFCC71}.Release|Any CPU.ActiveCfg = Release|Any CPU
		{ED9E5CF4-E7B4-49BD-9D10-E498D4DFCC71}.Release|Any CPU.Build.0 = Release|Any CPU
	EndGlobalSection
	GlobalSection(SolutionProperties) = preSolution
		HideSolutionNode = FALSE
	EndGlobalSection
	GlobalSection(ExtensibilityGlobals) = postSolution
		SolutionGuid = {2D4DE64E-6BF7-46B6-8D8E-E6C1FB4F8301}
	EndGlobalSection
EndGlobal
